
Microsoft Visual Studio Solution File, Format Version 12.00
# Visual Studio Version 16
VisualStudioVersion = 25.0.1700.5
MinimumVisualStudioVersion = 10.0.40219.1
Project("{FAE04EC0-301F-11D3-BF4B-00C04F79EFBC}") = "MvcMovie", "MvcMovie\MvcMovie.csproj", "{B032BB98-1817-4BF2-87E6-EDADFF219CA5}"
EndProject
Project("{E53339B2-1760-4266-BCC7-CA923CBCF16C}") = "docker-compose", "docker-compose.dcproj", "{9E7F10CC-0614-4FFA-AC7E-AF2153E34F8A}"
EndProject
Global
	GlobalSection(SolutionConfigurationPlatforms) = preSolution
		Debug|Any CPU = Debug|Any CPU
		Release|Any CPU = Release|Any CPU
	EndGlobalSection
	GlobalSection(ProjectConfigurationPlatforms) = postSolution
		{B032BB98-1817-4BF2-87E6-EDADFF219CA5}.Debug|Any CPU.ActiveCfg = Debug|Any CPU
		{B032BB98-1817-4BF2-87E6-EDADFF219CA5}.Debug|Any CPU.Build.0 = Debug|Any CPU
		{B032BB98-1817-4BF2-87E6-EDADFF219CA5}.Release|Any CPU.ActiveCfg = Release|Any CPU
		{B032BB98-1817-4BF2-87E6-EDADFF219CA5}.Release|Any CPU.Build.0 = Release|Any CPU
		{9E7F10CC-0614-4FFA-AC7E-AF2153E34F8A}.Debug|Any CPU.ActiveCfg = Debug|Any CPU
		{9E7F10CC-0614-4FFA-AC7E-AF2153E34F8A}.Debug|Any CPU.Build.0 = Debug|Any CPU
		{9E7F10CC-0614-4FFA-AC7E-AF2153E34F8A}.Release|Any CPU.ActiveCfg = Release|Any CPU
		{9E7F10CC-0614-4FFA-AC7E-AF2153E34F8A}.Release|Any CPU.Build.0 = Release|Any CPU
	EndGlobalSection
	GlobalSection(SolutionProperties) = preSolution
		HideSolutionNode = FALSE
	EndGlobalSection
	GlobalSection(ExtensibilityGlobals) = postSolution
		SolutionGuid = {C1A9D6AE-792C-44D6-9DE2-3ED67420580E}
	EndGlobalSection
EndGlobal
